// !$*UTF8*$!
{
	archiveVersion = 1;
	classes = {
	};
	objectVersion = 46;
	objects = {

/* Begin PBXBuildFile section */
		F135BF561DF76CA70076B34C /* AppDelegate.swift in Sources */ = {isa = PBXBuildFile; fileRef = F135BF551DF76CA70076B34C /* AppDelegate.swift */; };
		F135BF581DF76CA70076B34C /* Assets.xcassets in Resources */ = {isa = PBXBuildFile; fileRef = F135BF571DF76CA70076B34C /* Assets.xcassets */; };
		F135BF5B1DF76CA70076B34C /* MainMenu.xib in Resources */ = {isa = PBXBuildFile; fileRef = F135BF591DF76CA70076B34C /* MainMenu.xib */; };
		F135BF661DF76CA70076B34C /* SymbolTablesTests.swift in Sources */ = {isa = PBXBuildFile; fileRef = F135BF651DF76CA70076B34C /* SymbolTablesTests.swift */; };
		F135BF731DF76CE60076B34C /* OrderedSymbolTable.swift in Sources */ = {isa = PBXBuildFile; fileRef = F135BF711DF76CE60076B34C /* OrderedSymbolTable.swift */; };
		F135BF741DF76CE60076B34C /* SymbolTable.swift in Sources */ = {isa = PBXBuildFile; fileRef = F135BF721DF76CE60076B34C /* SymbolTable.swift */; };
		F16A810B1DF95A3B00C52347 /* BinarySearchSymbolTable.swift in Sources */ = {isa = PBXBuildFile; fileRef = F16A810A1DF95A3B00C52347 /* BinarySearchSymbolTable.swift */; };
		F16A810D1DF95C4100C52347 /* BinarySearchSymbolTableTests.swift in Sources */ = {isa = PBXBuildFile; fileRef = F16A810C1DF95C4100C52347 /* BinarySearchSymbolTableTests.swift */; };
		F1A37E311DF83EC1004864F9 /* TinyTale.txt in Resources */ = {isa = PBXBuildFile; fileRef = F1A37E301DF83EC1004864F9 /* TinyTale.txt */; };
		F1A37E331DF8413E004864F9 /* Tale.txt in Resources */ = {isa = PBXBuildFile; fileRef = F1A37E321DF8413E004864F9 /* Tale.txt */; };
		F1A37E351DF861DB004864F9 /* SequentialSearchSymbolTable.swift in Sources */ = {isa = PBXBuildFile; fileRef = F1A37E341DF861DB004864F9 /* SequentialSearchSymbolTable.swift */; };
		F1A37E371DF86A2D004864F9 /* SequentialSearchSymbolTableTests.swift in Sources */ = {isa = PBXBuildFile; fileRef = F1A37E361DF86A2D004864F9 /* SequentialSearchSymbolTableTests.swift */; };
/* End PBXBuildFile section */

/* Begin PBXContainerItemProxy section */
		F135BF621DF76CA70076B34C /* PBXContainerItemProxy */ = {
			isa = PBXContainerItemProxy;
			containerPortal = F135BF4A1DF76CA70076B34C /* Project object */;
			proxyType = 1;
			remoteGlobalIDString = F135BF511DF76CA70076B34C;
			remoteInfo = SymbolTables;
		};
/* End PBXContainerItemProxy section */

/* Begin PBXFileReference section */
		F135BF521DF76CA70076B34C /* SymbolTables.app */ = {isa = PBXFileReference; explicitFileType = wrapper.application; includeInIndex = 0; path = SymbolTables.app; sourceTree = BUILT_PRODUCTS_DIR; };
		F135BF551DF76CA70076B34C /* AppDelegate.swift */ = {isa = PBXFileReference; lastKnownFileType = sourcecode.swift; path = AppDelegate.swift; sourceTree = "<group>"; };
		F135BF571DF76CA70076B34C /* Assets.xcassets */ = {isa = PBXFileReference; lastKnownFileType = folder.assetcatalog; path = Assets.xcassets; sourceTree = "<group>"; };
		F135BF5A1DF76CA70076B34C /* Base */ = {isa = PBXFileReference; lastKnownFileType = file.xib; name = Base; path = Base.lproj/MainMenu.xib; sourceTree = "<group>"; };
		F135BF5C1DF76CA70076B34C /* Info.plist */ = {isa = PBXFileReference; lastKnownFileType = text.plist.xml; path = Info.plist; sourceTree = "<group>"; };
		F135BF611DF76CA70076B34C /* SymbolTablesTests.xctest */ = {isa = PBXFileReference; explicitFileType = wrapper.cfbundle; includeInIndex = 0; path = SymbolTablesTests.xctest; sourceTree = BUILT_PRODUCTS_DIR; };
		F135BF651DF76CA70076B34C /* SymbolTablesTests.swift */ = {isa = PBXFileReference; lastKnownFileType = sourcecode.swift; path = SymbolTablesTests.swift; sourceTree = "<group>"; };
		F135BF671DF76CA70076B34C /* Info.plist */ = {isa = PBXFileReference; lastKnownFileType = text.plist.xml; path = Info.plist; sourceTree = "<group>"; };
		F135BF711DF76CE60076B34C /* OrderedSymbolTable.swift */ = {isa = PBXFileReference; fileEncoding = 4; lastKnownFileType = sourcecode.swift; path = OrderedSymbolTable.swift; sourceTree = "<group>"; };
		F135BF721DF76CE60076B34C /* SymbolTable.swift */ = {isa = PBXFileReference; fileEncoding = 4; lastKnownFileType = sourcecode.swift; path = SymbolTable.swift; sourceTree = "<group>"; };
		F16A810A1DF95A3B00C52347 /* BinarySearchSymbolTable.swift */ = {isa = PBXFileReference; fileEncoding = 4; lastKnownFileType = sourcecode.swift; path = BinarySearchSymbolTable.swift; sourceTree = "<group>"; };
		F16A810C1DF95C4100C52347 /* BinarySearchSymbolTableTests.swift */ = {isa = PBXFileReference; fileEncoding = 4; lastKnownFileType = sourcecode.swift; path = BinarySearchSymbolTableTests.swift; sourceTree = "<group>"; };
		F1A37E301DF83EC1004864F9 /* TinyTale.txt */ = {isa = PBXFileReference; fileEncoding = 4; lastKnownFileType = text; path = TinyTale.txt; sourceTree = "<group>"; };
		F1A37E321DF8413E004864F9 /* Tale.txt */ = {isa = PBXFileReference; fileEncoding = 4; lastKnownFileType = text; path = Tale.txt; sourceTree = "<group>"; };
		F1A37E341DF861DB004864F9 /* SequentialSearchSymbolTable.swift */ = {isa = PBXFileReference; fileEncoding = 4; lastKnownFileType = sourcecode.swift; path = SequentialSearchSymbolTable.swift; sourceTree = "<group>"; };
		F1A37E361DF86A2D004864F9 /* SequentialSearchSymbolTableTests.swift */ = {isa = PBXFileReference; fileEncoding = 4; lastKnownFileType = sourcecode.swift; path = SequentialSearchSymbolTableTests.swift; sourceTree = "<group>"; };
/* End PBXFileReference section */

/* Begin PBXFrameworksBuildPhase section */
		F135BF4F1DF76CA70076B34C /* Frameworks */ = {
			isa = PBXFrameworksBuildPhase;
			buildActionMask = 2147483647;
			files = (
			);
			runOnlyForDeploymentPostprocessing = 0;
		};
		F135BF5E1DF76CA70076B34C /* Frameworks */ = {
			isa = PBXFrameworksBuildPhase;
			buildActionMask = 2147483647;
			files = (
			);
			runOnlyForDeploymentPostprocessing = 0;
		};
/* End PBXFrameworksBuildPhase section */

/* Begin PBXGroup section */
		F135BF491DF76CA70076B34C = {
			isa = PBXGroup;
			children = (
				F135BF541DF76CA70076B34C /* SymbolTables */,
				F135BF641DF76CA70076B34C /* SymbolTablesTests */,
				F135BF531DF76CA70076B34C /* Products */,
			);
			sourceTree = "<group>";
		};
		F135BF531DF76CA70076B34C /* Products */ = {
			isa = PBXGroup;
			children = (
				F135BF521DF76CA70076B34C /* SymbolTables.app */,
				F135BF611DF76CA70076B34C /* SymbolTablesTests.xctest */,
			);
			name = Products;
			sourceTree = "<group>";
		};
		F135BF541DF76CA70076B34C /* SymbolTables */ = {
			isa = PBXGroup;
			children = (
				F135BF701DF76CAE0076B34C /* tables */,
				F135BF551DF76CA70076B34C /* AppDelegate.swift */,
				F135BF571DF76CA70076B34C /* Assets.xcassets */,
				F135BF591DF76CA70076B34C /* MainMenu.xib */,
				F135BF5C1DF76CA70076B34C /* Info.plist */,
				F1A37E301DF83EC1004864F9 /* TinyTale.txt */,
				F1A37E321DF8413E004864F9 /* Tale.txt */,
			);
			path = SymbolTables;
			sourceTree = "<group>";
		};
		F135BF641DF76CA70076B34C /* SymbolTablesTests */ = {
			isa = PBXGroup;
			children = (
				F1A37E2B1DF8353F004864F9 /* tables */,
				F135BF651DF76CA70076B34C /* SymbolTablesTests.swift */,
				F135BF671DF76CA70076B34C /* Info.plist */,
			);
			path = SymbolTablesTests;
			sourceTree = "<group>";
		};
		F135BF701DF76CAE0076B34C /* tables */ = {
			isa = PBXGroup;
			children = (
				F135BF711DF76CE60076B34C /* OrderedSymbolTable.swift */,
				F135BF721DF76CE60076B34C /* SymbolTable.swift */,
				F1A37E341DF861DB004864F9 /* SequentialSearchSymbolTable.swift */,
				F16A810A1DF95A3B00C52347 /* BinarySearchSymbolTable.swift */,
			);
			path = tables;
			sourceTree = "<group>";
		};
		F1A37E2B1DF8353F004864F9 /* tables */ = {
			isa = PBXGroup;
			children = (
				F1A37E361DF86A2D004864F9 /* SequentialSearchSymbolTableTests.swift */,
				F16A810C1DF95C4100C52347 /* BinarySearchSymbolTableTests.swift */,
			);
			name = tables;
			sourceTree = "<group>";
		};
/* End PBXGroup section */

/* Begin PBXNativeTarget section */
		F135BF511DF76CA70076B34C /* SymbolTables */ = {
			isa = PBXNativeTarget;
			buildConfigurationList = F135BF6A1DF76CA70076B34C /* Build configuration list for PBXNativeTarget "SymbolTables" */;
			buildPhases = (
				F135BF4E1DF76CA70076B34C /* Sources */,
				F135BF4F1DF76CA70076B34C /* Frameworks */,
				F135BF501DF76CA70076B34C /* Resources */,
			);
			buildRules = (
			);
			dependencies = (
			);
			name = SymbolTables;
			productName = SymbolTables;
			productReference = F135BF521DF76CA70076B34C /* SymbolTables.app */;
			productType = "com.apple.product-type.application";
		};
		F135BF601DF76CA70076B34C /* SymbolTablesTests */ = {
			isa = PBXNativeTarget;
			buildConfigurationList = F135BF6D1DF76CA70076B34C /* Build configuration list for PBXNativeTarget "SymbolTablesTests" */;
			buildPhases = (
				F135BF5D1DF76CA70076B34C /* Sources */,
				F135BF5E1DF76CA70076B34C /* Frameworks */,
				F135BF5F1DF76CA70076B34C /* Resources */,
			);
			buildRules = (
			);
			dependencies = (
				F135BF631DF76CA70076B34C /* PBXTargetDependency */,
			);
			name = SymbolTablesTests;
			productName = SymbolTablesTests;
			productReference = F135BF611DF76CA70076B34C /* SymbolTablesTests.xctest */;
			productType = "com.apple.product-type.bundle.unit-test";
		};
/* End PBXNativeTarget section */

/* Begin PBXProject section */
		F135BF4A1DF76CA70076B34C /* Project object */ = {
			isa = PBXProject;
			attributes = {
				LastSwiftUpdateCheck = 0820;
				LastUpgradeCheck = 0820;
				ORGANIZATIONNAME = "Vincent O'Sullivan";
				TargetAttributes = {
					F135BF511DF76CA70076B34C = {
						CreatedOnToolsVersion = 8.2;
						DevelopmentTeam = 27QRRWZMS6;
						ProvisioningStyle = Automatic;
					};
					F135BF601DF76CA70076B34C = {
						CreatedOnToolsVersion = 8.2;
						DevelopmentTeam = 27QRRWZMS6;
						ProvisioningStyle = Automatic;
						TestTargetID = F135BF511DF76CA70076B34C;
					};
				};
			};
			buildConfigurationList = F135BF4D1DF76CA70076B34C /* Build configuration list for PBXProject "SymbolTables" */;
			compatibilityVersion = "Xcode 3.2";
			developmentRegion = English;
			hasScannedForEncodings = 0;
			knownRegions = (
				en,
				Base,
			);
			mainGroup = F135BF491DF76CA70076B34C;
			productRefGroup = F135BF531DF76CA70076B34C /* Products */;
			projectDirPath = "";
			projectRoot = "";
			targets = (
				F135BF511DF76CA70076B34C /* SymbolTables */,
				F135BF601DF76CA70076B34C /* SymbolTablesTests */,
			);
		};
/* End PBXProject section */

/* Begin PBXResourcesBuildPhase section */
		F135BF501DF76CA70076B34C /* Resources */ = {
			isa = PBXResourcesBuildPhase;
			buildActionMask = 2147483647;
			files = (
				F1A37E331DF8413E004864F9 /* Tale.txt in Resources */,
				F135BF581DF76CA70076B34C /* Assets.xcassets in Resources */,
				F1A37E311DF83EC1004864F9 /* TinyTale.txt in Resources */,
				F135BF5B1DF76CA70076B34C /* MainMenu.xib in Resources */,
			);
			runOnlyForDeploymentPostprocessing = 0;
		};
		F135BF5F1DF76CA70076B34C /* Resources */ = {
			isa = PBXResourcesBuildPhase;
			buildActionMask = 2147483647;
			files = (
			);
			runOnlyForDeploymentPostprocessing = 0;
		};
/* End PBXResourcesBuildPhase section */

/* Begin PBXSourcesBuildPhase section */
		F135BF4E1DF76CA70076B34C /* Sources */ = {
			isa = PBXSourcesBuildPhase;
			buildActionMask = 2147483647;
			files = (
				F135BF741DF76CE60076B34C /* SymbolTable.swift in Sources */,
				F1A37E351DF861DB004864F9 /* SequentialSearchSymbolTable.swift in Sources */,
				F135BF731DF76CE60076B34C /* OrderedSymbolTable.swift in Sources */,
				F135BF561DF76CA70076B34C /* AppDelegate.swift in Sources */,
				F16A810B1DF95A3B00C52347 /* BinarySearchSymbolTable.swift in Sources */,
			);
			runOnlyForDeploymentPostprocessing = 0;
		};
		F135BF5D1DF76CA70076B34C /* Sources */ = {
			isa = PBXSourcesBuildPhase;
			buildActionMask = 2147483647;
			files = (
				F135BF661DF76CA70076B34C /* SymbolTablesTests.swift in Sources */,
				F16A810D1DF95C4100C52347 /* BinarySearchSymbolTableTests.swift in Sources */,
				F1A37E371DF86A2D004864F9 /* SequentialSearchSymbolTableTests.swift in Sources */,
			);
			runOnlyForDeploymentPostprocessing = 0;
		};
/* End PBXSourcesBuildPhase section */

/* Begin PBXTargetDependency section */
		F135BF631DF76CA70076B34C /* PBXTargetDependency */ = {
			isa = PBXTargetDependency;
			target = F135BF511DF76CA70076B34C /* SymbolTables */;
			targetProxy = F135BF621DF76CA70076B34C /* PBXContainerItemProxy */;
		};
/* End PBXTargetDependency section */

/* Begin PBXVariantGroup section */
		F135BF591DF76CA70076B34C /* MainMenu.xib */ = {
			isa = PBXVariantGroup;
			children = (
				F135BF5A1DF76CA70076B34C /* Base */,
			);
			name = MainMenu.xib;
			sourceTree = "<group>";
		};
/* End PBXVariantGroup section */

/* Begin XCBuildConfiguration section */
		F135BF681DF76CA70076B34C /* Debug */ = {
			isa = XCBuildConfiguration;
			buildSettings = {
				ALWAYS_SEARCH_USER_PATHS = NO;
				CLANG_ANALYZER_NONNULL = YES;
				CLANG_CXX_LANGUAGE_STANDARD = "gnu++0x";
				CLANG_CXX_LIBRARY = "libc++";
				CLANG_ENABLE_MODULES = YES;
				CLANG_ENABLE_OBJC_ARC = YES;
				CLANG_WARN_BOOL_CONVERSION = YES;
				CLANG_WARN_CONSTANT_CONVERSION = YES;
				CLANG_WARN_DIRECT_OBJC_ISA_USAGE = YES_ERROR;
				CLANG_WARN_DOCUMENTATION_COMMENTS = YES;
				CLANG_WARN_EMPTY_BODY = YES;
				CLANG_WARN_ENUM_CONVERSION = YES;
				CLANG_WARN_INFINITE_RECURSION = YES;
				CLANG_WARN_INT_CONVERSION = YES;
				CLANG_WARN_OBJC_ROOT_CLASS = YES_ERROR;
				CLANG_WARN_SUSPICIOUS_MOVE = YES;
				CLANG_WARN_UNREACHABLE_CODE = YES;
				CLANG_WARN__DUPLICATE_METHOD_MATCH = YES;
				CODE_SIGN_IDENTITY = "-";
				COPY_PHASE_STRIP = NO;
				DEBUG_INFORMATION_FORMAT = dwarf;
				ENABLE_STRICT_OBJC_MSGSEND = YES;
				ENABLE_TESTABILITY = YES;
				GCC_C_LANGUAGE_STANDARD = gnu99;
				GCC_DYNAMIC_NO_PIC = NO;
				GCC_NO_COMMON_BLOCKS = YES;
				GCC_OPTIMIZATION_LEVEL = 0;
				GCC_PREPROCESSOR_DEFINITIONS = (
					"DEBUG=1",
					"$(inherited)",
				);
				GCC_WARN_64_TO_32_BIT_CONVERSION = YES;
				GCC_WARN_ABOUT_RETURN_TYPE = YES_ERROR;
				GCC_WARN_UNDECLARED_SELECTOR = YES;
				GCC_WARN_UNINITIALIZED_AUTOS = YES_AGGRESSIVE;
				GCC_WARN_UNUSED_FUNCTION = YES;
				GCC_WARN_UNUSED_VARIABLE = YES;
				MACOSX_DEPLOYMENT_TARGET = 10.12;
				MTL_ENABLE_DEBUG_INFO = YES;
				ONLY_ACTIVE_ARCH = YES;
				SDKROOT = macosx;
				SWIFT_ACTIVE_COMPILATION_CONDITIONS = DEBUG;
				SWIFT_OPTIMIZATION_LEVEL = "-Onone";
			};
			name = Debug;
		};
		F135BF691DF76CA70076B34C /* Release */ = {
			isa = XCBuildConfiguration;
			buildSettings = {
				ALWAYS_SEARCH_USER_PATHS = NO;
				CLANG_ANALYZER_NONNULL = YES;
				CLANG_CXX_LANGUAGE_STANDARD = "gnu++0x";
				CLANG_CXX_LIBRARY = "libc++";
				CLANG_ENABLE_MODULES = YES;
				CLANG_ENABLE_OBJC_ARC = YES;
				CLANG_WARN_BOOL_CONVERSION = YES;
				CLANG_WARN_CONSTANT_CONVERSION = YES;
				CLANG_WARN_DIRECT_OBJC_ISA_USAGE = YES_ERROR;
				CLANG_WARN_DOCUMENTATION_COMMENTS = YES;
				CLANG_WARN_EMPTY_BODY = YES;
				CLANG_WARN_ENUM_CONVERSION = YES;
				CLANG_WARN_INFINITE_RECURSION = YES;
				CLANG_WARN_INT_CONVERSION = YES;
				CLANG_WARN_OBJC_ROOT_CLASS = YES_ERROR;
				CLANG_WARN_SUSPICIOUS_MOVE = YES;
				CLANG_WARN_UNREACHABLE_CODE = YES;
				CLANG_WARN__DUPLICATE_METHOD_MATCH = YES;
				CODE_SIGN_IDENTITY = "-";
				COPY_PHASE_STRIP = NO;
				DEBUG_INFORMATION_FORMAT = "dwarf-with-dsym";
				ENABLE_NS_ASSERTIONS = NO;
				ENABLE_STRICT_OBJC_MSGSEND = YES;
				GCC_C_LANGUAGE_STANDARD = gnu99;
				GCC_NO_COMMON_BLOCKS = YES;
				GCC_WARN_64_TO_32_BIT_CONVERSION = YES;
				GCC_WARN_ABOUT_RETURN_TYPE = YES_ERROR;
				GCC_WARN_UNDECLARED_SELECTOR = YES;
				GCC_WARN_UNINITIALIZED_AUTOS = YES_AGGRESSIVE;
				GCC_WARN_UNUSED_FUNCTION = YES;
				GCC_WARN_UNUSED_VARIABLE = YES;
				MACOSX_DEPLOYMENT_TARGET = 10.12;
				MTL_ENABLE_DEBUG_INFO = NO;
				SDKROOT = macosx;
				SWIFT_OPTIMIZATION_LEVEL = "-Owholemodule";
			};
			name = Release;
		};
		F135BF6B1DF76CA70076B34C /* Debug */ = {
			isa = XCBuildConfiguration;
			buildSettings = {
				ASSETCATALOG_COMPILER_APPICON_NAME = AppIcon;
				COMBINE_HIDPI_IMAGES = YES;
				DEVELOPMENT_TEAM = 27QRRWZMS6;
				INFOPLIST_FILE = SymbolTables/Info.plist;
				LD_RUNPATH_SEARCH_PATHS = "$(inherited) @executable_path/../Frameworks";
				PRODUCT_BUNDLE_IDENTIFIER = com.vjosullivan.SymbolTables;
				PRODUCT_NAME = "$(TARGET_NAME)";
				SWIFT_VERSION = 3.0;
			};
			name = Debug;
		};
		F135BF6C1DF76CA70076B34C /* Release */ = {
			isa = XCBuildConfiguration;
			buildSettings = {
				ASSETCATALOG_COMPILER_APPICON_NAME = AppIcon;
				COMBINE_HIDPI_IMAGES = YES;
				DEVELOPMENT_TEAM = 27QRRWZMS6;
				INFOPLIST_FILE = SymbolTables/Info.plist;
				LD_RUNPATH_SEARCH_PATHS = "$(inherited) @executable_path/../Frameworks";
				PRODUCT_BUNDLE_IDENTIFIER = com.vjosullivan.SymbolTables;
				PRODUCT_NAME = "$(TARGET_NAME)";
				SWIFT_VERSION = 3.0;
			};
			name = Release;
		};
		F135BF6E1DF76CA70076B34C /* Debug */ = {
			isa = XCBuildConfiguration;
			buildSettings = {
				ALWAYS_EMBED_SWIFT_STANDARD_LIBRARIES = YES;
				BUNDLE_LOADER = "$(TEST_HOST)";
				COMBINE_HIDPI_IMAGES = YES;
				DEVELOPMENT_TEAM = 27QRRWZMS6;
				INFOPLIST_FILE = SymbolTablesTests/Info.plist;
				LD_RUNPATH_SEARCH_PATHS = "$(inherited) @executable_path/../Frameworks @loader_path/../Frameworks";
				PRODUCT_BUNDLE_IDENTIFIER = com.vjosullivan.SymbolTablesTests;
				PRODUCT_NAME = "$(TARGET_NAME)";
				SWIFT_VERSION = 3.0;
				TEST_HOST = "$(BUILT_PRODUCTS_DIR)/SymbolTables.app/Contents/MacOS/SymbolTables";
			};
			name = Debug;
		};
		F135BF6F1DF76CA70076B34C /* Release */ = {
			isa = XCBuildConfiguration;
			buildSettings = {
				ALWAYS_EMBED_SWIFT_STANDARD_LIBRARIES = YES;
				BUNDLE_LOADER = "$(TEST_HOST)";
				COMBINE_HIDPI_IMAGES = YES;
				DEVELOPMENT_TEAM = 27QRRWZMS6;
				INFOPLIST_FILE = SymbolTablesTests/Info.plist;
				LD_RUNPATH_SEARCH_PATHS = "$(inherited) @executable_path/../Frameworks @loader_path/../Frameworks";
				PRODUCT_BUNDLE_IDENTIFIER = com.vjosullivan.SymbolTablesTests;
				PRODUCT_NAME = "$(TARGET_NAME)";
				SWIFT_VERSION = 3.0;
				TEST_HOST = "$(BUILT_PRODUCTS_DIR)/SymbolTables.app/Contents/MacOS/SymbolTables";
			};
			name = Release;
		};
/* End XCBuildConfiguration section */

/* Begin XCConfigurationList section */
		F135BF4D1DF76CA70076B34C /* Build configuration list for PBXProject "SymbolTables" */ = {
			isa = XCConfigurationList;
			buildConfigurations = (
				F135BF681DF76CA70076B34C /* Debug */,
				F135BF691DF76CA70076B34C /* Release */,
			);
			defaultConfigurationIsVisible = 0;
			defaultConfigurationName = Release;
		};
		F135BF6A1DF76CA70076B34C /* Build configuration list for PBXNativeTarget "SymbolTables" */ = {
			isa = XCConfigurationList;
			buildConfigurations = (
				F135BF6B1DF76CA70076B34C /* Debug */,
				F135BF6C1DF76CA70076B34C /* Release */,
			);
			defaultConfigurationIsVisible = 0;
			defaultConfigurationName = Release;
		};
		F135BF6D1DF76CA70076B34C /* Build configuration list for PBXNativeTarget "SymbolTablesTests" */ = {
			isa = XCConfigurationList;
			buildConfigurations = (
				F135BF6E1DF76CA70076B34C /* Debug */,
				F135BF6F1DF76CA70076B34C /* Release */,
			);
			defaultConfigurationIsVisible = 0;
			defaultConfigurationName = Release;
		};
/* End XCConfigurationList section */
	};
	rootObject = F135BF4A1DF76CA70076B34C /* Project object */;
}
